{
  "version": 4,
  "terraform_version": "1.5.6",
  "serial": 48,
  "lineage": "14c5c680-a67d-28fb-a136-c6d696ee5f44",
  "outputs": {},
  "resources": [
    {
      "mode": "data",
      "type": "archive_file",
      "name": "zip",
      "provider": "provider[\"registry.terraform.io/hashicorp/archive\"]",
      "instances": [
        {
          "schema_version": 0,
          "attributes": {
            "exclude_symlink_directories": null,
            "excludes": null,
            "id": "c23adc8a2d8bced6de5ca8df2dafd6adba3ec32b",
            "output_base64sha256": "gOS6JdfocYV1c/u+4JvY8SVh1BjXiPcYnfPfav9fB0o=",
            "output_base64sha512": "JaNR+3Vjv8do8VZquso/WGpNdsILqFFtBrFiBU6eE75uCH8l7eYl7Ljif4o2kxwQa8lJ0PF0q4OYqH+oNfGgAw==",
            "output_file_mode": null,
            "output_md5": "5f4c99f3006c461682b5e0a2b7868a72",
            "output_path": "./packedLambdaFunction.zip",
            "output_sha": "c23adc8a2d8bced6de5ca8df2dafd6adba3ec32b",
            "output_sha256": "80e4ba25d7e871857573fbbee09bd8f12561d418d788f7189df3df6aff5f074a",
            "output_sha512": "25a351fb7563bfc768f1566abaca3f586a4d76c20ba8516d06b162054e9e13be6e087f25ede625ecb8e27f8a36931c106bc949d0f174ab8398a87fa835f1a003",
            "output_size": 740,
            "source": [],
            "source_content": null,
            "source_content_filename": null,
            "source_dir": "./lambda/",
            "source_file": null,
            "type": "zip"
          },
          "sensitive_attributes": []
        }
      ]
    },
    {
      "mode": "managed",
      "type": "aws_dynamodb_table",
      "name": "cloudResumeViewsTable",
      "provider": "provider[\"registry.terraform.io/hashicorp/aws\"]",
      "instances": [
        {
          "schema_version": 1,
          "attributes": {
            "arn": "arn:aws:dynamodb:us-east-1:357078656374:table/cloudResumeViewsTable",
            "attribute": [
              {
                "name": "id",
                "type": "S"
              }
            ],
            "billing_mode": "PROVISIONED",
            "deletion_protection_enabled": false,
            "global_secondary_index": [],
            "hash_key": "id",
            "id": "cloudResumeViewsTable",
            "local_secondary_index": [],
            "name": "cloudResumeViewsTable",
            "point_in_time_recovery": [
              {
                "enabled": false
              }
            ],
            "range_key": null,
            "read_capacity": 20,
            "replica": [],
            "restore_date_time": null,
            "restore_source_name": null,
            "restore_to_latest_time": null,
            "server_side_encryption": [],
            "stream_arn": "",
            "stream_enabled": false,
            "stream_label": "",
            "stream_view_type": "",
            "table_class": "STANDARD",
            "tags": {},
            "tags_all": {},
            "timeouts": null,
            "ttl": [
              {
                "attribute_name": "",
                "enabled": false
              }
            ],
            "write_capacity": 20
          },
          "sensitive_attributes": [],
          "private": "eyJlMmJmYjczMC1lY2FhLTExZTYtOGY4OC0zNDM2M2JjN2M0YzAiOnsiY3JlYXRlIjoxODAwMDAwMDAwMDAwLCJkZWxldGUiOjYwMDAwMDAwMDAwMCwidXBkYXRlIjozNjAwMDAwMDAwMDAwfSwic2NoZW1hX3ZlcnNpb24iOiIxIn0="
        }
      ]
    },
    {
      "mode": "managed",
      "type": "aws_dynamodb_table_item",
      "name": "cloudResumeViewsTable_item",
      "provider": "provider[\"registry.terraform.io/hashicorp/aws\"]",
      "instances": [
        {
          "schema_version": 0,
          "attributes": {
            "hash_key": "id",
            "id": "cloudResumeViewsTable|id||1|",
            "item": "    {\n        \"id\": {\"S\": \"1\"},\n        \"views\": {\"N\": \"1\"}\n    }\n",
            "range_key": null,
            "table_name": "cloudResumeViewsTable"
          },
          "sensitive_attributes": [],
          "private": "bnVsbA==",
          "dependencies": [
            "aws_dynamodb_table.cloudResumeViewsTable"
          ]
        }
      ]
    },
    {
      "mode": "managed",
      "type": "aws_iam_policy",
      "name": "dynamoDBLambdaPolicy_cloudResume",
      "provider": "provider[\"registry.terraform.io/hashicorp/aws\"]",
      "instances": [
        {
          "schema_version": 0,
          "attributes": {
            "arn": "arn:aws:iam::357078656374:policy/dynamoDBLambdaPolicy_cloudResume",
            "description": "iam Policy for dynamoDB and lambda",
            "id": "arn:aws:iam::357078656374:policy/dynamoDBLambdaPolicy_cloudResume",
            "name": "dynamoDBLambdaPolicy_cloudResume",
            "name_prefix": "",
            "path": "/",
            "policy": "{\"Statement\":[{\"Action\":[\"logs: CreateLogGroup\",\"logs: CreateLogStream\",\"logs: PutLogEvents\"],\"Effect\":\"Allow\",\"Resource\":\"arn:aws:logs:*:*:*\"},{\"Action\":[\"dynamodb:*\"],\"Effect\":\"Allow\",\"Resource\":\"arn:aws:dynamodb:*:*:table/cloudResumeViewsTable\"}],\"Version\":\"2012-10-17\"}",
            "policy_id": "ANPAVGI4L4V3LUTORY4WX",
            "tags": {},
            "tags_all": {}
          },
          "sensitive_attributes": [],
          "private": "bnVsbA=="
        }
      ]
    },
    {
      "mode": "managed",
      "type": "aws_iam_role",
      "name": "lambdaRole_cloudResume",
      "provider": "provider[\"registry.terraform.io/hashicorp/aws\"]",
      "instances": [
        {
          "schema_version": 0,
          "attributes": {
            "arn": "arn:aws:iam::357078656374:role/lambdaRole_cloudResume",
            "assume_role_policy": "{\"Statement\":[{\"Action\":\"sts:AssumeRole\",\"Effect\":\"Allow\",\"Principal\":{\"Service\":\"lambda.amazonaws.com\"},\"Sid\":\"\"}],\"Version\":\"2012-10-17\"}",
            "create_date": "2023-09-05T17:15:43Z",
            "description": "",
            "force_detach_policies": false,
            "id": "lambdaRole_cloudResume",
            "inline_policy": [],
            "managed_policy_arns": [
              "arn:aws:iam::357078656374:policy/dynamoDBLambdaPolicy_cloudResume"
            ],
            "max_session_duration": 3600,
            "name": "lambdaRole_cloudResume",
            "name_prefix": "",
            "path": "/",
            "permissions_boundary": null,
            "tags": {},
            "tags_all": {},
            "unique_id": "AROAVGI4L4V3PJPTUUGSA"
          },
          "sensitive_attributes": [],
          "private": "bnVsbA=="
        }
      ]
    },
    {
      "mode": "managed",
      "type": "aws_iam_role_policy_attachment",
      "name": "lambdaPolicy_attachment",
      "provider": "provider[\"registry.terraform.io/hashicorp/aws\"]",
      "instances": [
        {
          "schema_version": 0,
          "attributes": {
            "id": "lambdaRole_cloudResume-20230905171544566900000001",
            "policy_arn": "arn:aws:iam::357078656374:policy/dynamoDBLambdaPolicy_cloudResume",
            "role": "lambdaRole_cloudResume"
          },
          "sensitive_attributes": [],
          "private": "bnVsbA==",
          "dependencies": [
            "aws_iam_policy.dynamoDBLambdaPolicy_cloudResume",
            "aws_iam_role.lambdaRole_cloudResume"
          ]
        }
      ]
    },
    {
      "mode": "managed",
      "type": "aws_lambda_function",
      "name": "resumeViewCounter",
      "provider": "provider[\"registry.terraform.io/hashicorp/aws\"]",
      "instances": [
        {
          "schema_version": 0,
          "attributes": {
            "architectures": [
              "x86_64"
            ],
            "arn": "arn:aws:lambda:us-east-1:357078656374:function:resumeViewCounter",
            "code_signing_config_arn": "",
            "dead_letter_config": [],
            "description": "",
            "environment": [],
            "ephemeral_storage": [
              {
                "size": 512
              }
            ],
            "file_system_config": [],
            "filename": "./packedLambdaFunction.zip",
            "function_name": "resumeViewCounter",
            "handler": "lambdaFunction.handler",
            "id": "resumeViewCounter",
            "image_config": [],
            "image_uri": "",
            "invoke_arn": "arn:aws:apigateway:us-east-1:lambda:path/2015-03-31/functions/arn:aws:lambda:us-east-1:357078656374:function:resumeViewCounter/invocations",
            "kms_key_arn": "",
            "last_modified": "2023-09-05T17:53:13.000+0000",
            "layers": [],
            "memory_size": 128,
            "package_type": "Zip",
            "publish": false,
            "qualified_arn": "arn:aws:lambda:us-east-1:357078656374:function:resumeViewCounter:$LATEST",
            "qualified_invoke_arn": "arn:aws:apigateway:us-east-1:lambda:path/2015-03-31/functions/arn:aws:lambda:us-east-1:357078656374:function:resumeViewCounter:$LATEST/invocations",
            "replace_security_groups_on_destroy": null,
            "replacement_security_group_ids": null,
            "reserved_concurrent_executions": -1,
            "role": "arn:aws:iam::357078656374:role/lambdaRole_cloudResume",
            "runtime": "python3.9",
            "s3_bucket": null,
            "s3_key": null,
            "s3_object_version": null,
            "signing_job_arn": "",
            "signing_profile_version_arn": "",
            "skip_destroy": false,
            "snap_start": [],
            "source_code_hash": "gOS6JdfocYV1c/u+4JvY8SVh1BjXiPcYnfPfav9fB0o=",
            "source_code_size": 740,
            "tags": {},
            "tags_all": {},
            "timeout": 3,
            "timeouts": null,
            "tracing_config": [
              {
                "mode": "PassThrough"
              }
            ],
            "version": "$LATEST",
            "vpc_config": []
          },
          "sensitive_attributes": [],
          "private": "eyJlMmJmYjczMC1lY2FhLTExZTYtOGY4OC0zNDM2M2JjN2M0YzAiOnsiY3JlYXRlIjo2MDAwMDAwMDAwMDAsImRlbGV0ZSI6NjAwMDAwMDAwMDAwLCJ1cGRhdGUiOjYwMDAwMDAwMDAwMH19",
          "dependencies": [
            "aws_iam_role.lambdaRole_cloudResume",
            "data.archive_file.zip"
          ]
        }
      ]
    },
    {
      "mode": "managed",
      "type": "aws_lambda_function_url",
      "name": "resumeViewCounter_functionURL",
      "provider": "provider[\"registry.terraform.io/hashicorp/aws\"]",
      "instances": [
        {
          "schema_version": 0,
          "attributes": {
            "authorization_type": "NONE",
            "cors": [
              {
                "allow_credentials": true,
                "allow_headers": [
                  "date",
                  "keep-alive"
                ],
                "allow_methods": [
                  "*"
                ],
                "allow_origins": [
                  "*"
                ],
                "expose_headers": [
                  "date",
                  "keep-alive"
                ],
                "max_age": 86400
              }
            ],
            "function_arn": "arn:aws:lambda:us-east-1:357078656374:function:resumeViewCounter",
            "function_name": "resumeViewCounter",
            "function_url": "https://zkv4fkviog6rkm4fikgq5tdfr40yjgls.lambda-url.us-east-1.on.aws/",
            "id": "resumeViewCounter",
            "invoke_mode": "BUFFERED",
            "qualifier": "",
            "timeouts": null,
            "url_id": "zkv4fkviog6rkm4fikgq5tdfr40yjgls"
          },
          "sensitive_attributes": [],
          "private": "eyJlMmJmYjczMC1lY2FhLTExZTYtOGY4OC0zNDM2M2JjN2M0YzAiOnsiY3JlYXRlIjo2MDAwMDAwMDAwMDB9fQ==",
          "dependencies": [
            "aws_iam_role.lambdaRole_cloudResume",
            "aws_lambda_function.resumeViewCounter",
            "data.archive_file.zip"
          ]
        }
      ]
    }
  ],
  "check_results": null
}
